PODS:
  - ChameleonFramework/Default (2.1.0)
  - ChameleonFramework/Swift (2.1.0):
    - ChameleonFramework/Default
  - IQDropDownTextField (1.1.0)
  - IQKeyboardManagerSwift (4.0.10)
  - R.swift (3.3.0):
    - R.swift.Library (~> 3.0.2)
  - R.swift.Library (3.0.2)
  - SVProgressHUD (2.1.2)
  - UIAlertController+Blocks (0.9.2)

DEPENDENCIES:
  - ChameleonFramework/Swift (from `https://github.com/ViccAlexander/Chameleon.git`)
  - IQDropDownTextField
  - IQKeyboardManagerSwift
  - R.swift
  - SVProgressHUD
  - UIAlertController+Blocks

EXTERNAL SOURCES:
  ChameleonFramework:
    :git: https://github.com/ViccAlexander/Chameleon.git

CHECKOUT OPTIONS:
  ChameleonFramework:
    :commit: 6dd284bde21ea2e7f9fd89bc36f40df16e16369d
    :git: https://github.com/ViccAlexander/Chameleon.git

SPEC CHECKSUMS:
  ChameleonFramework: d21a3cc247abfe5e37609a283a8238b03575cf64
  IQDropDownTextField: 614f79ca905529c992045eaa112d0fc9ebb875d1
  IQKeyboardManagerSwift: 75ba21a23794a1e6b6fe6d9a267ea17f80e06771
  R.swift: bde9704d50ff36820f49e266bc88ef545e1e9b36
  R.swift.Library: fbdec16c9802ad104fc1ba53415dc190e6ec5c73
  SVProgressHUD: c404a55d78acbeb7ebb78b76d3faf986475a6994
  UIAlertController+Blocks: 80e28b92523fb58aba4d1bccec013d5a0b0bddb2

PODFILE CHECKSUM: 9213ec827375bd3232e994d8beba54b89b11331b

COCOAPODS: 1.2.1
